
Microsoft Visual Studio Solution File, Format Version 12.00
# Visual Studio Version 17
VisualStudioVersion = 17.12.35707.178 d17.12
MinimumVisualStudioVersion = 10.0.40219.1
Project("{FAE04EC0-301F-11D3-BF4B-00C04F79EFBC}") = "App.Repositories", "Repositories\App.Repositories.csproj", "{F1167E36-19F0-465C-AD63-0C69F847CBEA}"
EndProject
Project("{FAE04EC0-301F-11D3-BF4B-00C04F79EFBC}") = "App.Services", "Services\App.Services.csproj", "{79FB7719-125D-4A8D-89DD-54853F453CE9}"
EndProject
Project("{FAE04EC0-301F-11D3-BF4B-00C04F79EFBC}") = "App.API", "App.API\App.API.csproj", "{EF0A5F61-EA49-42D3-8E9B-098B3A99A9F0}"
EndProject
Global
	GlobalSection(SolutionConfigurationPlatforms) = preSolution
		Debug|Any CPU = Debug|Any CPU
		Release|Any CPU = Release|Any CPU
	EndGlobalSection
	GlobalSection(ProjectConfigurationPlatforms) = postSolution
		{F1167E36-19F0-465C-AD63-0C69F847CBEA}.Debug|Any CPU.ActiveCfg = Debug|Any CPU
		{F1167E36-19F0-465C-AD63-0C69F847CBEA}.Debug|Any CPU.Build.0 = Debug|Any CPU
		{F1167E36-19F0-465C-AD63-0C69F847CBEA}.Release|Any CPU.ActiveCfg = Release|Any CPU
		{F1167E36-19F0-465C-AD63-0C69F847CBEA}.Release|Any CPU.Build.0 = Release|Any CPU
		{79FB7719-125D-4A8D-89DD-54853F453CE9}.Debug|Any CPU.ActiveCfg = Debug|Any CPU
		{79FB7719-125D-4A8D-89DD-54853F453CE9}.Debug|Any CPU.Build.0 = Debug|Any CPU
		{79FB7719-125D-4A8D-89DD-54853F453CE9}.Release|Any CPU.ActiveCfg = Release|Any CPU
		{79FB7719-125D-4A8D-89DD-54853F453CE9}.Release|Any CPU.Build.0 = Release|Any CPU
		{EF0A5F61-EA49-42D3-8E9B-098B3A99A9F0}.Debug|Any CPU.ActiveCfg = Debug|Any CPU
		{EF0A5F61-EA49-42D3-8E9B-098B3A99A9F0}.Debug|Any CPU.Build.0 = Debug|Any CPU
		{EF0A5F61-EA49-42D3-8E9B-098B3A99A9F0}.Release|Any CPU.ActiveCfg = Release|Any CPU
		{EF0A5F61-EA49-42D3-8E9B-098B3A99A9F0}.Release|Any CPU.Build.0 = Release|Any CPU
	EndGlobalSection
	GlobalSection(SolutionProperties) = preSolution
		HideSolutionNode = FALSE
	EndGlobalSection
EndGlobal
